
Microsoft Visual Studio Solution File, Format Version 12.00
# Visual Studio Version 17
VisualStudioVersion = 17.13.35931.197
MinimumVisualStudioVersion = 10.0.40219.1
Project("{888888A0-9F3D-457C-B088-3A5042F75D52}") = "pokerDQN", "pokerDQN.pyproj", "{0119084B-2D1D-4809-A7CC-C594396AFBB8}"
EndProject
Global
	GlobalSection(SolutionConfigurationPlatforms) = preSolution
		Debug|Any CPU = Debug|Any CPU
		Release|Any CPU = Release|Any CPU
	EndGlobalSection
	GlobalSection(ProjectConfigurationPlatforms) = postSolution
		{0119084B-2D1D-4809-A7CC-C594396AFBB8}.Debug|Any CPU.ActiveCfg = Debug|Any CPU
		{0119084B-2D1D-4809-A7CC-C594396AFBB8}.Release|Any CPU.ActiveCfg = Release|Any CPU
	EndGlobalSection
	GlobalSection(SolutionProperties) = preSolution
		HideSolutionNode = FALSE
	EndGlobalSection
	GlobalSection(ExtensibilityGlobals) = postSolution
		SolutionGuid = {B1098552-8AB8-4ADF-B431-47AFC3B9385B}
	EndGlobalSection
EndGlobal
